
Microsoft Visual Studio Solution File, Format Version 12.00
# Visual Studio Version 17
VisualStudioVersion = 17.3.32901.215
MinimumVisualStudioVersion = 10.0.40219.1
Project("{FAE04EC0-301F-11D3-BF4B-00C04F79EFBC}") = "XkcdDemo", "XkcdDemo\XkcdDemo.csproj", "{23B12208-D051-4669-B36C-C52B862C7C55}"
EndProject
Project("{FAE04EC0-301F-11D3-BF4B-00C04F79EFBC}") = "XkcdConsoleVersion", "XkcdConsoleVersion\XkcdConsoleVersion.csproj", "{52097609-6957-47B1-B0A7-5569CF110A15}"
EndProject
Project("{FAE04EC0-301F-11D3-BF4B-00C04F79EFBC}") = "XkcdConsoleVersion2", "XkcdConsoleVersion2\XkcdConsoleVersion2.csproj", "{92A08FDC-6DA2-4F05-85F6-08525E43ED43}"
EndProject
Global
	GlobalSection(SolutionConfigurationPlatforms) = preSolution
		Debug|Any CPU = Debug|Any CPU
		Release|Any CPU = Release|Any CPU
	EndGlobalSection
	GlobalSection(ProjectConfigurationPlatforms) = postSolution
		{23B12208-D051-4669-B36C-C52B862C7C55}.Debug|Any CPU.ActiveCfg = Debug|Any CPU
		{23B12208-D051-4669-B36C-C52B862C7C55}.Debug|Any CPU.Build.0 = Debug|Any CPU
		{23B12208-D051-4669-B36C-C52B862C7C55}.Release|Any CPU.ActiveCfg = Release|Any CPU
		{23B12208-D051-4669-B36C-C52B862C7C55}.Release|Any CPU.Build.0 = Release|Any CPU
		{52097609-6957-47B1-B0A7-5569CF110A15}.Debug|Any CPU.ActiveCfg = Debug|Any CPU
		{52097609-6957-47B1-B0A7-5569CF110A15}.Debug|Any CPU.Build.0 = Debug|Any CPU
		{52097609-6957-47B1-B0A7-5569CF110A15}.Release|Any CPU.ActiveCfg = Release|Any CPU
		{52097609-6957-47B1-B0A7-5569CF110A15}.Release|Any CPU.Build.0 = Release|Any CPU
		{92A08FDC-6DA2-4F05-85F6-08525E43ED43}.Debug|Any CPU.ActiveCfg = Debug|Any CPU
		{92A08FDC-6DA2-4F05-85F6-08525E43ED43}.Debug|Any CPU.Build.0 = Debug|Any CPU
		{92A08FDC-6DA2-4F05-85F6-08525E43ED43}.Release|Any CPU.ActiveCfg = Release|Any CPU
		{92A08FDC-6DA2-4F05-85F6-08525E43ED43}.Release|Any CPU.Build.0 = Release|Any CPU
	EndGlobalSection
	GlobalSection(SolutionProperties) = preSolution
		HideSolutionNode = FALSE
	EndGlobalSection
	GlobalSection(ExtensibilityGlobals) = postSolution
		SolutionGuid = {DD364DD3-BFAF-40D5-93D4-7DA481EA46DC}
	EndGlobalSection
EndGlobal
